
Microsoft Visual Studio Solution File, Format Version 12.00
# Visual Studio 15
VisualStudioVersion = 15.0.26430.16
MinimumVisualStudioVersion = 15.0.26124.0
Project("{9A19103F-16F7-4668-BE54-9A1E7A4F7556}") = "AbiokaRdn.Infrastructure.Common", "AbiokaRdn.Infrastructure.Common\AbiokaRdn.Infrastructure.Common.csproj", "{96BFE0D9-27ED-4D29-B64C-8543135D645D}"
EndProject
Project("{FAE04EC0-301F-11D3-BF4B-00C04F79EFBC}") = "AbiokaRdn.Domain", "AbiokaRdn.Domain\AbiokaRdn.Domain.csproj", "{1B37EC3C-EC87-4462-BF9B-0DE2DC220A26}"
EndProject
Project("{FAE04EC0-301F-11D3-BF4B-00C04F79EFBC}") = "AbiokaRdn.ApplicationService", "AbiokaRdn.ApplicationService\AbiokaRdn.ApplicationService.csproj", "{ABCB5141-7FEB-4CFA-9E62-D97732CD5F58}"
EndProject
Global
	GlobalSection(SolutionConfigurationPlatforms) = preSolution
		Debug|Any CPU = Debug|Any CPU
		Debug|x64 = Debug|x64
		Debug|x86 = Debug|x86
		Release|Any CPU = Release|Any CPU
		Release|x64 = Release|x64
		Release|x86 = Release|x86
	EndGlobalSection
	GlobalSection(ProjectConfigurationPlatforms) = postSolution
		{96BFE0D9-27ED-4D29-B64C-8543135D645D}.Debug|Any CPU.ActiveCfg = Debug|Any CPU
		{96BFE0D9-27ED-4D29-B64C-8543135D645D}.Debug|Any CPU.Build.0 = Debug|Any CPU
		{96BFE0D9-27ED-4D29-B64C-8543135D645D}.Debug|x64.ActiveCfg = Debug|Any CPU
		{96BFE0D9-27ED-4D29-B64C-8543135D645D}.Debug|x64.Build.0 = Debug|Any CPU
		{96BFE0D9-27ED-4D29-B64C-8543135D645D}.Debug|x86.ActiveCfg = Debug|Any CPU
		{96BFE0D9-27ED-4D29-B64C-8543135D645D}.Debug|x86.Build.0 = Debug|Any CPU
		{96BFE0D9-27ED-4D29-B64C-8543135D645D}.Release|Any CPU.ActiveCfg = Release|Any CPU
		{96BFE0D9-27ED-4D29-B64C-8543135D645D}.Release|Any CPU.Build.0 = Release|Any CPU
		{96BFE0D9-27ED-4D29-B64C-8543135D645D}.Release|x64.ActiveCfg = Release|Any CPU
		{96BFE0D9-27ED-4D29-B64C-8543135D645D}.Release|x64.Build.0 = Release|Any CPU
		{96BFE0D9-27ED-4D29-B64C-8543135D645D}.Release|x86.ActiveCfg = Release|Any CPU
		{96BFE0D9-27ED-4D29-B64C-8543135D645D}.Release|x86.Build.0 = Release|Any CPU
		{1B37EC3C-EC87-4462-BF9B-0DE2DC220A26}.Debug|Any CPU.ActiveCfg = Debug|Any CPU
		{1B37EC3C-EC87-4462-BF9B-0DE2DC220A26}.Debug|Any CPU.Build.0 = Debug|Any CPU
		{1B37EC3C-EC87-4462-BF9B-0DE2DC220A26}.Debug|x64.ActiveCfg = Debug|Any CPU
		{1B37EC3C-EC87-4462-BF9B-0DE2DC220A26}.Debug|x64.Build.0 = Debug|Any CPU
		{1B37EC3C-EC87-4462-BF9B-0DE2DC220A26}.Debug|x86.ActiveCfg = Debug|Any CPU
		{1B37EC3C-EC87-4462-BF9B-0DE2DC220A26}.Debug|x86.Build.0 = Debug|Any CPU
		{1B37EC3C-EC87-4462-BF9B-0DE2DC220A26}.Release|Any CPU.ActiveCfg = Release|Any CPU
		{1B37EC3C-EC87-4462-BF9B-0DE2DC220A26}.Release|Any CPU.Build.0 = Release|Any CPU
		{1B37EC3C-EC87-4462-BF9B-0DE2DC220A26}.Release|x64.ActiveCfg = Release|Any CPU
		{1B37EC3C-EC87-4462-BF9B-0DE2DC220A26}.Release|x64.Build.0 = Release|Any CPU
		{1B37EC3C-EC87-4462-BF9B-0DE2DC220A26}.Release|x86.ActiveCfg = Release|Any CPU
		{1B37EC3C-EC87-4462-BF9B-0DE2DC220A26}.Release|x86.Build.0 = Release|Any CPU
		{ABCB5141-7FEB-4CFA-9E62-D97732CD5F58}.Debug|Any CPU.ActiveCfg = Debug|Any CPU
		{ABCB5141-7FEB-4CFA-9E62-D97732CD5F58}.Debug|Any CPU.Build.0 = Debug|Any CPU
		{ABCB5141-7FEB-4CFA-9E62-D97732CD5F58}.Debug|x64.ActiveCfg = Debug|Any CPU
		{ABCB5141-7FEB-4CFA-9E62-D97732CD5F58}.Debug|x64.Build.0 = Debug|Any CPU
		{ABCB5141-7FEB-4CFA-9E62-D97732CD5F58}.Debug|x86.ActiveCfg = Debug|Any CPU
		{ABCB5141-7FEB-4CFA-9E62-D97732CD5F58}.Debug|x86.Build.0 = Debug|Any CPU
		{ABCB5141-7FEB-4CFA-9E62-D97732CD5F58}.Release|Any CPU.ActiveCfg = Release|Any CPU
		{ABCB5141-7FEB-4CFA-9E62-D97732CD5F58}.Release|Any CPU.Build.0 = Release|Any CPU
		{ABCB5141-7FEB-4CFA-9E62-D97732CD5F58}.Release|x64.ActiveCfg = Release|Any CPU
		{ABCB5141-7FEB-4CFA-9E62-D97732CD5F58}.Release|x64.Build.0 = Release|Any CPU
		{ABCB5141-7FEB-4CFA-9E62-D97732CD5F58}.Release|x86.ActiveCfg = Release|Any CPU
		{ABCB5141-7FEB-4CFA-9E62-D97732CD5F58}.Release|x86.Build.0 = Release|Any CPU
	EndGlobalSection
	GlobalSection(SolutionProperties) = preSolution
		HideSolutionNode = FALSE
	EndGlobalSection
EndGlobal
